
Microsoft Visual Studio Solution File, Format Version 12.00
# Visual Studio Version 17
VisualStudioVersion = 17.9.34723.18
MinimumVisualStudioVersion = 10.0.40219.1
Project("{9A19103F-16F7-4668-BE54-9A1E7A4F7556}") = "QuanLyBida 1.0", "QuanLyBida 1.0\QuanLyBida 1.0.csproj", "{552193AA-7F64-41A0-8E59-4222093377B2}"
EndProject
Global
	GlobalSection(SolutionConfigurationPlatforms) = preSolution
		Debug|Any CPU = Debug|Any CPU
		Release|Any CPU = Release|Any CPU
	EndGlobalSection
	GlobalSection(ProjectConfigurationPlatforms) = postSolution
		{552193AA-7F64-41A0-8E59-4222093377B2}.Debug|Any CPU.ActiveCfg = Debug|Any CPU
		{552193AA-7F64-41A0-8E59-4222093377B2}.Debug|Any CPU.Build.0 = Debug|Any CPU
		{552193AA-7F64-41A0-8E59-4222093377B2}.Release|Any CPU.ActiveCfg = Release|Any CPU
		{552193AA-7F64-41A0-8E59-4222093377B2}.Release|Any CPU.Build.0 = Release|Any CPU
	EndGlobalSection
	GlobalSection(SolutionProperties) = preSolution
		HideSolutionNode = FALSE
	EndGlobalSection
	GlobalSection(ExtensibilityGlobals) = postSolution
		SolutionGuid = {4B892CE0-D0C6-42F4-8526-0BB981964275}
	EndGlobalSection
EndGlobal
